// !$*UTF8*$!
{
	archiveVersion = 1;
	classes = {
	};
	objectVersion = 77;
	objects = {

/* Begin PBXBuildFile section */
		5130817B2D5104A200756969 /* Reachability in Frameworks */ = {isa = PBXBuildFile; productRef = 5130817A2D5104A200756969 /* Reachability */; };
		5168561A2D4F67AE00BA8C79 /* SDWebImageSwiftUI in Frameworks */ = {isa = PBXBuildFile; productRef = 516856192D4F67AE00BA8C79 /* SDWebImageSwiftUI */; };
		5168561C2D4F6C5A00BA8C79 /* ProductsGridView.swift in Sources */ = {isa = PBXBuildFile; fileRef = 5168561B2D4F6C5A00BA8C79 /* ProductsGridView.swift */; };
		5168561E2D4F6C7800BA8C79 /* SSMartEcomGridViewCell.swift in Sources */ = {isa = PBXBuildFile; fileRef = 5168561D2D4F6C7800BA8C79 /* SSMartEcomGridViewCell.swift */; };
		516856202D4F6C9200BA8C79 /* StarRatingView.swift in Sources */ = {isa = PBXBuildFile; fileRef = 5168561F2D4F6C9200BA8C79 /* StarRatingView.swift */; };
		516856222D4F8F1D00BA8C79 /* NetworkMonitor.swift in Sources */ = {isa = PBXBuildFile; fileRef = 516856212D4F8F1D00BA8C79 /* NetworkMonitor.swift */; };
		517CA52B2D4E684300A6A199 /* SSMartEcomApp.swift in Sources */ = {isa = PBXBuildFile; fileRef = 517CA5252D4E684300A6A199 /* SSMartEcomApp.swift */; };
		517CA52D2D4E684300A6A199 /* Assets.xcassets in Resources */ = {isa = PBXBuildFile; fileRef = 517CA5212D4E684300A6A199 /* Assets.xcassets */; };
		517CA5352D4E6B4B00A6A199 /* ProductsHomeView.swift in Sources */ = {isa = PBXBuildFile; fileRef = 517CA5342D4E6B4B00A6A199 /* ProductsHomeView.swift */; };
		5199657F2D4E71D400CA5F51 /* ViewCoordinator.swift in Sources */ = {isa = PBXBuildFile; fileRef = 5199657E2D4E71D400CA5F51 /* ViewCoordinator.swift */; };
		519965852D4E72A000CA5F51 /* SplashScreen.swift in Sources */ = {isa = PBXBuildFile; fileRef = 519965842D4E72A000CA5F51 /* SplashScreen.swift */; };
		519965872D4E731200CA5F51 /* Extensions.swift in Sources */ = {isa = PBXBuildFile; fileRef = 519965862D4E731200CA5F51 /* Extensions.swift */; };
		519965892D4E783600CA5F51 /* Colors.xcassets in Resources */ = {isa = PBXBuildFile; fileRef = 519965882D4E783600CA5F51 /* Colors.xcassets */; };
		5199658F2D4E788E00CA5F51 /* Poppins-Medium.ttf in Resources */ = {isa = PBXBuildFile; fileRef = 5199658C2D4E788E00CA5F51 /* Poppins-Medium.ttf */; };
		519965902D4E788E00CA5F51 /* Poppins-Regular.ttf in Resources */ = {isa = PBXBuildFile; fileRef = 5199658D2D4E788E00CA5F51 /* Poppins-Regular.ttf */; };
		519965912D4E788E00CA5F51 /* Poppins-SemiBold.ttf in Resources */ = {isa = PBXBuildFile; fileRef = 5199658E2D4E788E00CA5F51 /* Poppins-SemiBold.ttf */; };
		519965922D4E788E00CA5F51 /* Poppins-Bold.ttf in Resources */ = {isa = PBXBuildFile; fileRef = 5199658B2D4E788E00CA5F51 /* Poppins-Bold.ttf */; };
		519965972D4E796900CA5F51 /* FontHandler.swift in Sources */ = {isa = PBXBuildFile; fileRef = 519965962D4E796900CA5F51 /* FontHandler.swift */; };
		519965992D4E7DEC00CA5F51 /* NetworkManager.swift in Sources */ = {isa = PBXBuildFile; fileRef = 519965982D4E7DEC00CA5F51 /* NetworkManager.swift */; };
		5199659B2D4E881E00CA5F51 /* ProductsHeaderView.swift in Sources */ = {isa = PBXBuildFile; fileRef = 5199659A2D4E881E00CA5F51 /* ProductsHeaderView.swift */; };
		5199659D2D4E8CCD00CA5F51 /* ProductsSearchView.swift in Sources */ = {isa = PBXBuildFile; fileRef = 5199659C2D4E8CCD00CA5F51 /* ProductsSearchView.swift */; };
		5199659F2D4E9C8A00CA5F51 /* ProductsModel.swift in Sources */ = {isa = PBXBuildFile; fileRef = 5199659E2D4E9C8A00CA5F51 /* ProductsModel.swift */; };
		519965A12D4E9CA200CA5F51 /* ProductsViewModel.swift in Sources */ = {isa = PBXBuildFile; fileRef = 519965A02D4E9CA200CA5F51 /* ProductsViewModel.swift */; };
		519965A32D4E9F0200CA5F51 /* APIManager.swift in Sources */ = {isa = PBXBuildFile; fileRef = 519965A22D4E9F0200CA5F51 /* APIManager.swift */; };
/* End PBXBuildFile section */

/* Begin PBXContainerItemProxy section */
		517CA5032D4E480F00A6A199 /* PBXContainerItemProxy */ = {
			isa = PBXContainerItemProxy;
			containerPortal = 517CA4E52D4E480D00A6A199 /* Project object */;
			proxyType = 1;
			remoteGlobalIDString = 517CA4EC2D4E480D00A6A199;
			remoteInfo = SSMartEcom;
		};
		517CA50D2D4E480F00A6A199 /* PBXContainerItemProxy */ = {
			isa = PBXContainerItemProxy;
			containerPortal = 517CA4E52D4E480D00A6A199 /* Project object */;
			proxyType = 1;
			remoteGlobalIDString = 517CA4EC2D4E480D00A6A199;
			remoteInfo = SSMartEcom;
		};
/* End PBXContainerItemProxy section */

/* Begin PBXFileReference section */
		5168561B2D4F6C5A00BA8C79 /* ProductsGridView.swift */ = {isa = PBXFileReference; lastKnownFileType = sourcecode.swift; path = ProductsGridView.swift; sourceTree = "<group>"; };
		5168561D2D4F6C7800BA8C79 /* SSMartEcomGridViewCell.swift */ = {isa = PBXFileReference; lastKnownFileType = sourcecode.swift; path = SSMartEcomGridViewCell.swift; sourceTree = "<group>"; };
		5168561F2D4F6C9200BA8C79 /* StarRatingView.swift */ = {isa = PBXFileReference; lastKnownFileType = sourcecode.swift; path = StarRatingView.swift; sourceTree = "<group>"; };
		516856212D4F8F1D00BA8C79 /* NetworkMonitor.swift */ = {isa = PBXFileReference; lastKnownFileType = sourcecode.swift; path = NetworkMonitor.swift; sourceTree = "<group>"; };
		517CA4ED2D4E480D00A6A199 /* SSMartEcom.app */ = {isa = PBXFileReference; explicitFileType = wrapper.application; includeInIndex = 0; path = SSMartEcom.app; sourceTree = BUILT_PRODUCTS_DIR; };
		517CA5022D4E480F00A6A199 /* SSMartEcomTests.xctest */ = {isa = PBXFileReference; explicitFileType = wrapper.cfbundle; includeInIndex = 0; path = SSMartEcomTests.xctest; sourceTree = BUILT_PRODUCTS_DIR; };
		517CA50C2D4E480F00A6A199 /* SSMartEcomUITests.xctest */ = {isa = PBXFileReference; explicitFileType = wrapper.cfbundle; includeInIndex = 0; path = SSMartEcomUITests.xctest; sourceTree = BUILT_PRODUCTS_DIR; };
		517CA5212D4E684300A6A199 /* Assets.xcassets */ = {isa = PBXFileReference; lastKnownFileType = folder.assetcatalog; path = Assets.xcassets; sourceTree = "<group>"; };
		517CA5252D4E684300A6A199 /* SSMartEcomApp.swift */ = {isa = PBXFileReference; lastKnownFileType = sourcecode.swift; path = SSMartEcomApp.swift; sourceTree = "<group>"; };
		517CA5342D4E6B4B00A6A199 /* ProductsHomeView.swift */ = {isa = PBXFileReference; lastKnownFileType = sourcecode.swift; path = ProductsHomeView.swift; sourceTree = "<group>"; };
		5199657E2D4E71D400CA5F51 /* ViewCoordinator.swift */ = {isa = PBXFileReference; lastKnownFileType = sourcecode.swift; path = ViewCoordinator.swift; sourceTree = "<group>"; };
		519965842D4E72A000CA5F51 /* SplashScreen.swift */ = {isa = PBXFileReference; lastKnownFileType = sourcecode.swift; path = SplashScreen.swift; sourceTree = "<group>"; };
		519965862D4E731200CA5F51 /* Extensions.swift */ = {isa = PBXFileReference; lastKnownFileType = sourcecode.swift; path = Extensions.swift; sourceTree = "<group>"; };
		519965882D4E783600CA5F51 /* Colors.xcassets */ = {isa = PBXFileReference; lastKnownFileType = folder.assetcatalog; path = Colors.xcassets; sourceTree = "<group>"; };
		5199658B2D4E788E00CA5F51 /* Poppins-Bold.ttf */ = {isa = PBXFileReference; lastKnownFileType = file; path = "Poppins-Bold.ttf"; sourceTree = "<group>"; };
		5199658C2D4E788E00CA5F51 /* Poppins-Medium.ttf */ = {isa = PBXFileReference; lastKnownFileType = file; path = "Poppins-Medium.ttf"; sourceTree = "<group>"; };
		5199658D2D4E788E00CA5F51 /* Poppins-Regular.ttf */ = {isa = PBXFileReference; lastKnownFileType = file; path = "Poppins-Regular.ttf"; sourceTree = "<group>"; };
		5199658E2D4E788E00CA5F51 /* Poppins-SemiBold.ttf */ = {isa = PBXFileReference; lastKnownFileType = file; path = "Poppins-SemiBold.ttf"; sourceTree = "<group>"; };
		519965932D4E78BE00CA5F51 /* Info.plist */ = {isa = PBXFileReference; lastKnownFileType = text.plist; path = Info.plist; sourceTree = "<group>"; };
		519965962D4E796900CA5F51 /* FontHandler.swift */ = {isa = PBXFileReference; lastKnownFileType = sourcecode.swift; path = FontHandler.swift; sourceTree = "<group>"; };
		519965982D4E7DEC00CA5F51 /* NetworkManager.swift */ = {isa = PBXFileReference; lastKnownFileType = sourcecode.swift; path = NetworkManager.swift; sourceTree = "<group>"; };
		5199659A2D4E881E00CA5F51 /* ProductsHeaderView.swift */ = {isa = PBXFileReference; lastKnownFileType = sourcecode.swift; path = ProductsHeaderView.swift; sourceTree = "<group>"; };
		5199659C2D4E8CCD00CA5F51 /* ProductsSearchView.swift */ = {isa = PBXFileReference; lastKnownFileType = sourcecode.swift; path = ProductsSearchView.swift; sourceTree = "<group>"; };
		5199659E2D4E9C8A00CA5F51 /* ProductsModel.swift */ = {isa = PBXFileReference; lastKnownFileType = sourcecode.swift; path = ProductsModel.swift; sourceTree = "<group>"; };
		519965A02D4E9CA200CA5F51 /* ProductsViewModel.swift */ = {isa = PBXFileReference; lastKnownFileType = sourcecode.swift; path = ProductsViewModel.swift; sourceTree = "<group>"; };
		519965A22D4E9F0200CA5F51 /* APIManager.swift */ = {isa = PBXFileReference; lastKnownFileType = sourcecode.swift; path = APIManager.swift; sourceTree = "<group>"; };
/* End PBXFileReference section */

/* Begin PBXFrameworksBuildPhase section */
		517CA4EA2D4E480D00A6A199 /* Frameworks */ = {
			isa = PBXFrameworksBuildPhase;
			buildActionMask = 2147483647;
			files = (
				5168561A2D4F67AE00BA8C79 /* SDWebImageSwiftUI in Frameworks */,
				5130817B2D5104A200756969 /* Reachability in Frameworks */,
			);
			runOnlyForDeploymentPostprocessing = 0;
		};
		517CA4FF2D4E480F00A6A199 /* Frameworks */ = {
			isa = PBXFrameworksBuildPhase;
			buildActionMask = 2147483647;
			files = (
			);
			runOnlyForDeploymentPostprocessing = 0;
		};
		517CA5092D4E480F00A6A199 /* Frameworks */ = {
			isa = PBXFrameworksBuildPhase;
			buildActionMask = 2147483647;
			files = (
			);
			runOnlyForDeploymentPostprocessing = 0;
		};
/* End PBXFrameworksBuildPhase section */

/* Begin PBXGroup section */
		516856232D4F9D3100BA8C79 /* HomeViews */ = {
			isa = PBXGroup;
			children = (
				5168561F2D4F6C9200BA8C79 /* StarRatingView.swift */,
				5168561D2D4F6C7800BA8C79 /* SSMartEcomGridViewCell.swift */,
				5168561B2D4F6C5A00BA8C79 /* ProductsGridView.swift */,
				5199659C2D4E8CCD00CA5F51 /* ProductsSearchView.swift */,
				5199659A2D4E881E00CA5F51 /* ProductsHeaderView.swift */,
				517CA5342D4E6B4B00A6A199 /* ProductsHomeView.swift */,
			);
			path = HomeViews;
			sourceTree = "<group>";
		};
		517CA4E42D4E480D00A6A199 = {
			isa = PBXGroup;
			children = (
				517CA5262D4E684300A6A199 /* SSMartEcom */,
				517CA4EE2D4E480D00A6A199 /* Products */,
			);
			sourceTree = "<group>";
		};
		517CA4EE2D4E480D00A6A199 /* Products */ = {
			isa = PBXGroup;
			children = (
				517CA4ED2D4E480D00A6A199 /* SSMartEcom.app */,
				517CA5022D4E480F00A6A199 /* SSMartEcomTests.xctest */,
				517CA50C2D4E480F00A6A199 /* SSMartEcomUITests.xctest */,
			);
			name = Products;
			sourceTree = "<group>";
		};
		517CA5262D4E684300A6A199 /* SSMartEcom */ = {
			isa = PBXGroup;
			children = (
				519965932D4E78BE00CA5F51 /* Info.plist */,
				517CA5332D4E6A0300A6A199 /* Main */,
				517CA5322D4E69CE00A6A199 /* View */,
				517CA52E2D4E694900A6A199 /* Model */,
				517CA52F2D4E695700A6A199 /* ViewModel */,
				517CA5302D4E697A00A6A199 /* Utils */,
				517CA5312D4E69BF00A6A199 /* Resources */,
			);
			path = SSMartEcom;
			sourceTree = "<group>";
		};
		517CA52E2D4E694900A6A199 /* Model */ = {
			isa = PBXGroup;
			children = (
				5199659E2D4E9C8A00CA5F51 /* ProductsModel.swift */,
			);
			path = Model;
			sourceTree = "<group>";
		};
		517CA52F2D4E695700A6A199 /* ViewModel */ = {
			isa = PBXGroup;
			children = (
				519965A02D4E9CA200CA5F51 /* ProductsViewModel.swift */,
			);
			path = ViewModel;
			sourceTree = "<group>";
		};
		517CA5302D4E697A00A6A199 /* Utils */ = {
			isa = PBXGroup;
			children = (
				516856212D4F8F1D00BA8C79 /* NetworkMonitor.swift */,
				519965862D4E731200CA5F51 /* Extensions.swift */,
				519965962D4E796900CA5F51 /* FontHandler.swift */,
				519965982D4E7DEC00CA5F51 /* NetworkManager.swift */,
				519965A22D4E9F0200CA5F51 /* APIManager.swift */,
			);
			path = Utils;
			sourceTree = "<group>";
		};
		517CA5312D4E69BF00A6A199 /* Resources */ = {
			isa = PBXGroup;
			children = (
				5199658A2D4E784A00CA5F51 /* Fonts */,
				517CA5212D4E684300A6A199 /* Assets.xcassets */,
				519965882D4E783600CA5F51 /* Colors.xcassets */,
			);
			path = Resources;
			sourceTree = "<group>";
		};
		517CA5322D4E69CE00A6A199 /* View */ = {
			isa = PBXGroup;
			children = (
				516856232D4F9D3100BA8C79 /* HomeViews */,
			);
			path = View;
			sourceTree = "<group>";
		};
		517CA5332D4E6A0300A6A199 /* Main */ = {
			isa = PBXGroup;
			children = (
				517CA5252D4E684300A6A199 /* SSMartEcomApp.swift */,
				5199657E2D4E71D400CA5F51 /* ViewCoordinator.swift */,
				519965842D4E72A000CA5F51 /* SplashScreen.swift */,
			);
			path = Main;
			sourceTree = "<group>";
		};
		5199658A2D4E784A00CA5F51 /* Fonts */ = {
			isa = PBXGroup;
			children = (
				5199658B2D4E788E00CA5F51 /* Poppins-Bold.ttf */,
				5199658C2D4E788E00CA5F51 /* Poppins-Medium.ttf */,
				5199658D2D4E788E00CA5F51 /* Poppins-Regular.ttf */,
				5199658E2D4E788E00CA5F51 /* Poppins-SemiBold.ttf */,
			);
			path = Fonts;
			sourceTree = "<group>";
		};
/* End PBXGroup section */

/* Begin PBXNativeTarget section */
		517CA4EC2D4E480D00A6A199 /* SSMartEcom */ = {
			isa = PBXNativeTarget;
			buildConfigurationList = 517CA5162D4E480F00A6A199 /* Build configuration list for PBXNativeTarget "SSMartEcom" */;
			buildPhases = (
				517CA4E92D4E480D00A6A199 /* Sources */,
				517CA4EA2D4E480D00A6A199 /* Frameworks */,
				517CA4EB2D4E480D00A6A199 /* Resources */,
			);
			buildRules = (
			);
			dependencies = (
			);
			name = SSMartEcom;
			packageProductDependencies = (
				516856192D4F67AE00BA8C79 /* SDWebImageSwiftUI */,
				5130817A2D5104A200756969 /* Reachability */,
			);
			productName = SSMartEcom;
			productReference = 517CA4ED2D4E480D00A6A199 /* SSMartEcom.app */;
			productType = "com.apple.product-type.application";
		};
		517CA5012D4E480F00A6A199 /* SSMartEcomTests */ = {
			isa = PBXNativeTarget;
			buildConfigurationList = 517CA5192D4E480F00A6A199 /* Build configuration list for PBXNativeTarget "SSMartEcomTests" */;
			buildPhases = (
				517CA4FE2D4E480F00A6A199 /* Sources */,
				517CA4FF2D4E480F00A6A199 /* Frameworks */,
				517CA5002D4E480F00A6A199 /* Resources */,
			);
			buildRules = (
			);
			dependencies = (
				517CA5042D4E480F00A6A199 /* PBXTargetDependency */,
			);
			name = SSMartEcomTests;
			packageProductDependencies = (
			);
			productName = SSMartEcomTests;
			productReference = 517CA5022D4E480F00A6A199 /* SSMartEcomTests.xctest */;
			productType = "com.apple.product-type.bundle.unit-test";
		};
		517CA50B2D4E480F00A6A199 /* SSMartEcomUITests */ = {
			isa = PBXNativeTarget;
			buildConfigurationList = 517CA51C2D4E480F00A6A199 /* Build configuration list for PBXNativeTarget "SSMartEcomUITests" */;
			buildPhases = (
				517CA5082D4E480F00A6A199 /* Sources */,
				517CA5092D4E480F00A6A199 /* Frameworks */,
				517CA50A2D4E480F00A6A199 /* Resources */,
			);
			buildRules = (
			);
			dependencies = (
				517CA50E2D4E480F00A6A199 /* PBXTargetDependency */,
			);
			name = SSMartEcomUITests;
			packageProductDependencies = (
			);
			productName = SSMartEcomUITests;
			productReference = 517CA50C2D4E480F00A6A199 /* SSMartEcomUITests.xctest */;
			productType = "com.apple.product-type.bundle.ui-testing";
		};
/* End PBXNativeTarget section */

/* Begin PBXProject section */
		517CA4E52D4E480D00A6A199 /* Project object */ = {
			isa = PBXProject;
			attributes = {
				BuildIndependentTargetsInParallel = 1;
				LastSwiftUpdateCheck = 1610;
				LastUpgradeCheck = 1610;
				TargetAttributes = {
					517CA4EC2D4E480D00A6A199 = {
						CreatedOnToolsVersion = 16.1;
					};
					517CA5012D4E480F00A6A199 = {
						CreatedOnToolsVersion = 16.1;
						TestTargetID = 517CA4EC2D4E480D00A6A199;
					};
					517CA50B2D4E480F00A6A199 = {
						CreatedOnToolsVersion = 16.1;
						TestTargetID = 517CA4EC2D4E480D00A6A199;
					};
				};
			};
			buildConfigurationList = 517CA4E82D4E480D00A6A199 /* Build configuration list for PBXProject "SSMartEcom" */;
			developmentRegion = en;
			hasScannedForEncodings = 0;
			knownRegions = (
				en,
				Base,
			);
			mainGroup = 517CA4E42D4E480D00A6A199;
			minimizedProjectReferenceProxies = 1;
			packageReferences = (
				516856182D4F67AE00BA8C79 /* XCRemoteSwiftPackageReference "SDWebImageSwiftUI" */,
				513081792D5104A200756969 /* XCRemoteSwiftPackageReference "Reachability" */,
			);
			preferredProjectObjectVersion = 77;
			productRefGroup = 517CA4EE2D4E480D00A6A199 /* Products */;
			projectDirPath = "";
			projectRoot = "";
			targets = (
				517CA4EC2D4E480D00A6A199 /* SSMartEcom */,
				517CA5012D4E480F00A6A199 /* SSMartEcomTests */,
				517CA50B2D4E480F00A6A199 /* SSMartEcomUITests */,
			);
		};
/* End PBXProject section */

/* Begin PBXResourcesBuildPhase section */
		517CA4EB2D4E480D00A6A199 /* Resources */ = {
			isa = PBXResourcesBuildPhase;
			buildActionMask = 2147483647;
			files = (
				5199658F2D4E788E00CA5F51 /* Poppins-Medium.ttf in Resources */,
				519965902D4E788E00CA5F51 /* Poppins-Regular.ttf in Resources */,
				519965912D4E788E00CA5F51 /* Poppins-SemiBold.ttf in Resources */,
				519965922D4E788E00CA5F51 /* Poppins-Bold.ttf in Resources */,
				517CA52D2D4E684300A6A199 /* Assets.xcassets in Resources */,
				519965892D4E783600CA5F51 /* Colors.xcassets in Resources */,
			);
			runOnlyForDeploymentPostprocessing = 0;
		};
		517CA5002D4E480F00A6A199 /* Resources */ = {
			isa = PBXResourcesBuildPhase;
			buildActionMask = 2147483647;
			files = (
			);
			runOnlyForDeploymentPostprocessing = 0;
		};
		517CA50A2D4E480F00A6A199 /* Resources */ = {
			isa = PBXResourcesBuildPhase;
			buildActionMask = 2147483647;
			files = (
			);
			runOnlyForDeploymentPostprocessing = 0;
		};
/* End PBXResourcesBuildPhase section */

/* Begin PBXSourcesBuildPhase section */
		517CA4E92D4E480D00A6A199 /* Sources */ = {
			isa = PBXSourcesBuildPhase;
			buildActionMask = 2147483647;
			files = (
				5168561C2D4F6C5A00BA8C79 /* ProductsGridView.swift in Sources */,
				519965992D4E7DEC00CA5F51 /* NetworkManager.swift in Sources */,
				5199659D2D4E8CCD00CA5F51 /* ProductsSearchView.swift in Sources */,
				519965852D4E72A000CA5F51 /* SplashScreen.swift in Sources */,
				519965A12D4E9CA200CA5F51 /* ProductsViewModel.swift in Sources */,
				5168561E2D4F6C7800BA8C79 /* SSMartEcomGridViewCell.swift in Sources */,
				519965972D4E796900CA5F51 /* FontHandler.swift in Sources */,
				517CA52B2D4E684300A6A199 /* SSMartEcomApp.swift in Sources */,
				516856222D4F8F1D00BA8C79 /* NetworkMonitor.swift in Sources */,
				519965A32D4E9F0200CA5F51 /* APIManager.swift in Sources */,
				5199659B2D4E881E00CA5F51 /* ProductsHeaderView.swift in Sources */,
				516856202D4F6C9200BA8C79 /* StarRatingView.swift in Sources */,
				5199659F2D4E9C8A00CA5F51 /* ProductsModel.swift in Sources */,
				5199657F2D4E71D400CA5F51 /* ViewCoordinator.swift in Sources */,
				517CA5352D4E6B4B00A6A199 /* ProductsHomeView.swift in Sources */,
				519965872D4E731200CA5F51 /* Extensions.swift in Sources */,
			);
			runOnlyForDeploymentPostprocessing = 0;
		};
		517CA4FE2D4E480F00A6A199 /* Sources */ = {
			isa = PBXSourcesBuildPhase;
			buildActionMask = 2147483647;
			files = (
			);
			runOnlyForDeploymentPostprocessing = 0;
		};
		517CA5082D4E480F00A6A199 /* Sources */ = {
			isa = PBXSourcesBuildPhase;
			buildActionMask = 2147483647;
			files = (
			);
			runOnlyForDeploymentPostprocessing = 0;
		};
/* End PBXSourcesBuildPhase section */

/* Begin PBXTargetDependency section */
		517CA5042D4E480F00A6A199 /* PBXTargetDependency */ = {
			isa = PBXTargetDependency;
			target = 517CA4EC2D4E480D00A6A199 /* SSMartEcom */;
			targetProxy = 517CA5032D4E480F00A6A199 /* PBXContainerItemProxy */;
		};
		517CA50E2D4E480F00A6A199 /* PBXTargetDependency */ = {
			isa = PBXTargetDependency;
			target = 517CA4EC2D4E480D00A6A199 /* SSMartEcom */;
			targetProxy = 517CA50D2D4E480F00A6A199 /* PBXContainerItemProxy */;
		};
/* End PBXTargetDependency section */

/* Begin XCBuildConfiguration section */
		517CA5142D4E480F00A6A199 /* Debug */ = {
			isa = XCBuildConfiguration;
			buildSettings = {
				ALWAYS_SEARCH_USER_PATHS = NO;
				ASSETCATALOG_COMPILER_GENERATE_SWIFT_ASSET_SYMBOL_EXTENSIONS = YES;
				CLANG_ANALYZER_NONNULL = YES;
				CLANG_ANALYZER_NUMBER_OBJECT_CONVERSION = YES_AGGRESSIVE;
				CLANG_CXX_LANGUAGE_STANDARD = "gnu++20";
				CLANG_ENABLE_MODULES = YES;
				CLANG_ENABLE_OBJC_ARC = YES;
				CLANG_ENABLE_OBJC_WEAK = YES;
				CLANG_WARN_BLOCK_CAPTURE_AUTORELEASING = YES;
				CLANG_WARN_BOOL_CONVERSION = YES;
				CLANG_WARN_COMMA = YES;
				CLANG_WARN_CONSTANT_CONVERSION = YES;
				CLANG_WARN_DEPRECATED_OBJC_IMPLEMENTATIONS = YES;
				CLANG_WARN_DIRECT_OBJC_ISA_USAGE = YES_ERROR;
				CLANG_WARN_DOCUMENTATION_COMMENTS = YES;
				CLANG_WARN_EMPTY_BODY = YES;
				CLANG_WARN_ENUM_CONVERSION = YES;
				CLANG_WARN_INFINITE_RECURSION = YES;
				CLANG_WARN_INT_CONVERSION = YES;
				CLANG_WARN_NON_LITERAL_NULL_CONVERSION = YES;
				CLANG_WARN_OBJC_IMPLICIT_RETAIN_SELF = YES;
				CLANG_WARN_OBJC_LITERAL_CONVERSION = YES;
				CLANG_WARN_OBJC_ROOT_CLASS = YES_ERROR;
				CLANG_WARN_QUOTED_INCLUDE_IN_FRAMEWORK_HEADER = YES;
				CLANG_WARN_RANGE_LOOP_ANALYSIS = YES;
				CLANG_WARN_STRICT_PROTOTYPES = YES;
				CLANG_WARN_SUSPICIOUS_MOVE = YES;
				CLANG_WARN_UNGUARDED_AVAILABILITY = YES_AGGRESSIVE;
				CLANG_WARN_UNREACHABLE_CODE = YES;
				CLANG_WARN__DUPLICATE_METHOD_MATCH = YES;
				COPY_PHASE_STRIP = NO;
				DEBUG_INFORMATION_FORMAT = dwarf;
				ENABLE_STRICT_OBJC_MSGSEND = YES;
				ENABLE_TESTABILITY = YES;
				ENABLE_USER_SCRIPT_SANDBOXING = YES;
				GCC_C_LANGUAGE_STANDARD = gnu17;
				GCC_DYNAMIC_NO_PIC = NO;
				GCC_NO_COMMON_BLOCKS = YES;
				GCC_OPTIMIZATION_LEVEL = 0;
				GCC_PREPROCESSOR_DEFINITIONS = (
					"DEBUG=1",
					"$(inherited)",
				);
				GCC_WARN_64_TO_32_BIT_CONVERSION = YES;
				GCC_WARN_ABOUT_RETURN_TYPE = YES_ERROR;
				GCC_WARN_UNDECLARED_SELECTOR = YES;
				GCC_WARN_UNINITIALIZED_AUTOS = YES_AGGRESSIVE;
				GCC_WARN_UNUSED_FUNCTION = YES;
				GCC_WARN_UNUSED_VARIABLE = YES;
				IPHONEOS_DEPLOYMENT_TARGET = 18.1;
				LOCALIZATION_PREFERS_STRING_CATALOGS = YES;
				MTL_ENABLE_DEBUG_INFO = INCLUDE_SOURCE;
				MTL_FAST_MATH = YES;
				ONLY_ACTIVE_ARCH = YES;
				SDKROOT = iphoneos;
				SWIFT_ACTIVE_COMPILATION_CONDITIONS = "DEBUG $(inherited)";
				SWIFT_OPTIMIZATION_LEVEL = "-Onone";
			};
			name = Debug;
		};
		517CA5152D4E480F00A6A199 /* Release */ = {
			isa = XCBuildConfiguration;
			buildSettings = {
				ALWAYS_SEARCH_USER_PATHS = NO;
				ASSETCATALOG_COMPILER_GENERATE_SWIFT_ASSET_SYMBOL_EXTENSIONS = YES;
				CLANG_ANALYZER_NONNULL = YES;
				CLANG_ANALYZER_NUMBER_OBJECT_CONVERSION = YES_AGGRESSIVE;
				CLANG_CXX_LANGUAGE_STANDARD = "gnu++20";
				CLANG_ENABLE_MODULES = YES;
				CLANG_ENABLE_OBJC_ARC = YES;
				CLANG_ENABLE_OBJC_WEAK = YES;
				CLANG_WARN_BLOCK_CAPTURE_AUTORELEASING = YES;
				CLANG_WARN_BOOL_CONVERSION = YES;
				CLANG_WARN_COMMA = YES;
				CLANG_WARN_CONSTANT_CONVERSION = YES;
				CLANG_WARN_DEPRECATED_OBJC_IMPLEMENTATIONS = YES;
				CLANG_WARN_DIRECT_OBJC_ISA_USAGE = YES_ERROR;
				CLANG_WARN_DOCUMENTATION_COMMENTS = YES;
				CLANG_WARN_EMPTY_BODY = YES;
				CLANG_WARN_ENUM_CONVERSION = YES;
				CLANG_WARN_INFINITE_RECURSION = YES;
				CLANG_WARN_INT_CONVERSION = YES;
				CLANG_WARN_NON_LITERAL_NULL_CONVERSION = YES;
				CLANG_WARN_OBJC_IMPLICIT_RETAIN_SELF = YES;
				CLANG_WARN_OBJC_LITERAL_CONVERSION = YES;
				CLANG_WARN_OBJC_ROOT_CLASS = YES_ERROR;
				CLANG_WARN_QUOTED_INCLUDE_IN_FRAMEWORK_HEADER = YES;
				CLANG_WARN_RANGE_LOOP_ANALYSIS = YES;
				CLANG_WARN_STRICT_PROTOTYPES = YES;
				CLANG_WARN_SUSPICIOUS_MOVE = YES;
				CLANG_WARN_UNGUARDED_AVAILABILITY = YES_AGGRESSIVE;
				CLANG_WARN_UNREACHABLE_CODE = YES;
				CLANG_WARN__DUPLICATE_METHOD_MATCH = YES;
				COPY_PHASE_STRIP = NO;
				DEBUG_INFORMATION_FORMAT = "dwarf-with-dsym";
				ENABLE_NS_ASSERTIONS = NO;
				ENABLE_STRICT_OBJC_MSGSEND = YES;
				ENABLE_USER_SCRIPT_SANDBOXING = YES;
				GCC_C_LANGUAGE_STANDARD = gnu17;
				GCC_NO_COMMON_BLOCKS = YES;
				GCC_WARN_64_TO_32_BIT_CONVERSION = YES;
				GCC_WARN_ABOUT_RETURN_TYPE = YES_ERROR;
				GCC_WARN_UNDECLARED_SELECTOR = YES;
				GCC_WARN_UNINITIALIZED_AUTOS = YES_AGGRESSIVE;
				GCC_WARN_UNUSED_FUNCTION = YES;
				GCC_WARN_UNUSED_VARIABLE = YES;
				IPHONEOS_DEPLOYMENT_TARGET = 18.1;
				LOCALIZATION_PREFERS_STRING_CATALOGS = YES;
				MTL_ENABLE_DEBUG_INFO = NO;
				MTL_FAST_MATH = YES;
				SDKROOT = iphoneos;
				SWIFT_COMPILATION_MODE = wholemodule;
				VALIDATE_PRODUCT = YES;
			};
			name = Release;
		};
		517CA5172D4E480F00A6A199 /* Debug */ = {
			isa = XCBuildConfiguration;
			buildSettings = {
				ASSETCATALOG_COMPILER_APPICON_NAME = AppIcon;
				ASSETCATALOG_COMPILER_GLOBAL_ACCENT_COLOR_NAME = AccentColor;
				CODE_SIGN_STYLE = Automatic;
				CURRENT_PROJECT_VERSION = 1;
				DEVELOPMENT_TEAM = U3P54RBWN8;
				ENABLE_PREVIEWS = YES;
				GENERATE_INFOPLIST_FILE = YES;
				INFOPLIST_FILE = SSMartEcom/Info.plist;
				INFOPLIST_KEY_CFBundleDisplayName = "$(PRODUCT_NAME)";
				INFOPLIST_KEY_UIApplicationSceneManifest_Generation = YES;
				INFOPLIST_KEY_UIApplicationSupportsIndirectInputEvents = YES;
				INFOPLIST_KEY_UILaunchScreen_Generation = YES;
				INFOPLIST_KEY_UISupportedInterfaceOrientations_iPad = "UIInterfaceOrientationPortrait UIInterfaceOrientationPortraitUpsideDown UIInterfaceOrientationLandscapeLeft UIInterfaceOrientationLandscapeRight";
				INFOPLIST_KEY_UISupportedInterfaceOrientations_iPhone = "UIInterfaceOrientationPortrait UIInterfaceOrientationLandscapeLeft UIInterfaceOrientationLandscapeRight";
				LD_RUNPATH_SEARCH_PATHS = (
					"$(inherited)",
					"@executable_path/Frameworks",
				);
				MARKETING_VERSION = 1.0;
				PRODUCT_BUNDLE_IDENTIFIER = SSMartEcom.com.SSMartEcom;
				PRODUCT_NAME = "$(TARGET_NAME)";
				SWIFT_EMIT_LOC_STRINGS = YES;
				SWIFT_VERSION = 5.0;
				TARGETED_DEVICE_FAMILY = "1,2";
			};
			name = Debug;
		};
		517CA5182D4E480F00A6A199 /* Release */ = {
			isa = XCBuildConfiguration;
			buildSettings = {
				ASSETCATALOG_COMPILER_APPICON_NAME = AppIcon;
				ASSETCATALOG_COMPILER_GLOBAL_ACCENT_COLOR_NAME = AccentColor;
				CODE_SIGN_STYLE = Automatic;
				CURRENT_PROJECT_VERSION = 1;
				DEVELOPMENT_TEAM = U3P54RBWN8;
				ENABLE_PREVIEWS = YES;
				GENERATE_INFOPLIST_FILE = YES;
				INFOPLIST_FILE = SSMartEcom/Info.plist;
				INFOPLIST_KEY_CFBundleDisplayName = "$(PRODUCT_NAME)";
				INFOPLIST_KEY_UIApplicationSceneManifest_Generation = YES;
				INFOPLIST_KEY_UIApplicationSupportsIndirectInputEvents = YES;
				INFOPLIST_KEY_UILaunchScreen_Generation = YES;
				INFOPLIST_KEY_UISupportedInterfaceOrientations_iPad = "UIInterfaceOrientationPortrait UIInterfaceOrientationPortraitUpsideDown UIInterfaceOrientationLandscapeLeft UIInterfaceOrientationLandscapeRight";
				INFOPLIST_KEY_UISupportedInterfaceOrientations_iPhone = "UIInterfaceOrientationPortrait UIInterfaceOrientationLandscapeLeft UIInterfaceOrientationLandscapeRight";
				LD_RUNPATH_SEARCH_PATHS = (
					"$(inherited)",
					"@executable_path/Frameworks",
				);
				MARKETING_VERSION = 1.0;
				PRODUCT_BUNDLE_IDENTIFIER = SSMartEcom.com.SSMartEcom;
				PRODUCT_NAME = "$(TARGET_NAME)";
				SWIFT_EMIT_LOC_STRINGS = YES;
				SWIFT_VERSION = 5.0;
				TARGETED_DEVICE_FAMILY = "1,2";
			};
			name = Release;
		};
		517CA51A2D4E480F00A6A199 /* Debug */ = {
			isa = XCBuildConfiguration;
			buildSettings = {
				BUNDLE_LOADER = "$(TEST_HOST)";
				CODE_SIGN_STYLE = Automatic;
				CURRENT_PROJECT_VERSION = 1;
				DEVELOPMENT_TEAM = U3P54RBWN8;
				GENERATE_INFOPLIST_FILE = YES;
				IPHONEOS_DEPLOYMENT_TARGET = 18.1;
				MARKETING_VERSION = 1.0;
				PRODUCT_BUNDLE_IDENTIFIER = SSMartEcom.com.SSMartEcomTests;
				PRODUCT_NAME = "$(TARGET_NAME)";
				SWIFT_EMIT_LOC_STRINGS = NO;
				SWIFT_VERSION = 5.0;
				TARGETED_DEVICE_FAMILY = "1,2";
				TEST_HOST = "$(BUILT_PRODUCTS_DIR)/SSMartEcom.app/$(BUNDLE_EXECUTABLE_FOLDER_PATH)/SSMartEcom";
			};
			name = Debug;
		};
		517CA51B2D4E480F00A6A199 /* Release */ = {
			isa = XCBuildConfiguration;
			buildSettings = {
				BUNDLE_LOADER = "$(TEST_HOST)";
				CODE_SIGN_STYLE = Automatic;
				CURRENT_PROJECT_VERSION = 1;
				DEVELOPMENT_TEAM = U3P54RBWN8;
				GENERATE_INFOPLIST_FILE = YES;
				IPHONEOS_DEPLOYMENT_TARGET = 18.1;
				MARKETING_VERSION = 1.0;
				PRODUCT_BUNDLE_IDENTIFIER = SSMartEcom.com.SSMartEcomTests;
				PRODUCT_NAME = "$(TARGET_NAME)";
				SWIFT_EMIT_LOC_STRINGS = NO;
				SWIFT_VERSION = 5.0;
				TARGETED_DEVICE_FAMILY = "1,2";
				TEST_HOST = "$(BUILT_PRODUCTS_DIR)/SSMartEcom.app/$(BUNDLE_EXECUTABLE_FOLDER_PATH)/SSMartEcom";
			};
			name = Release;
		};
		517CA51D2D4E480F00A6A199 /* Debug */ = {
			isa = XCBuildConfiguration;
			buildSettings = {
				CODE_SIGN_STYLE = Automatic;
				CURRENT_PROJECT_VERSION = 1;
				DEVELOPMENT_TEAM = U3P54RBWN8;
				GENERATE_INFOPLIST_FILE = YES;
				MARKETING_VERSION = 1.0;
				PRODUCT_BUNDLE_IDENTIFIER = SSMartEcom.com.SSMartEcomUITests;
				PRODUCT_NAME = "$(TARGET_NAME)";
				SWIFT_EMIT_LOC_STRINGS = NO;
				SWIFT_VERSION = 5.0;
				TARGETED_DEVICE_FAMILY = "1,2";
				TEST_TARGET_NAME = SSMartEcom;
			};
			name = Debug;
		};
		517CA51E2D4E480F00A6A199 /* Release */ = {
			isa = XCBuildConfiguration;
			buildSettings = {
				CODE_SIGN_STYLE = Automatic;
				CURRENT_PROJECT_VERSION = 1;
				DEVELOPMENT_TEAM = U3P54RBWN8;
				GENERATE_INFOPLIST_FILE = YES;
				MARKETING_VERSION = 1.0;
				PRODUCT_BUNDLE_IDENTIFIER = SSMartEcom.com.SSMartEcomUITests;
				PRODUCT_NAME = "$(TARGET_NAME)";
				SWIFT_EMIT_LOC_STRINGS = NO;
				SWIFT_VERSION = 5.0;
				TARGETED_DEVICE_FAMILY = "1,2";
				TEST_TARGET_NAME = SSMartEcom;
			};
			name = Release;
		};
/* End XCBuildConfiguration section */

/* Begin XCConfigurationList section */
		517CA4E82D4E480D00A6A199 /* Build configuration list for PBXProject "SSMartEcom" */ = {
			isa = XCConfigurationList;
			buildConfigurations = (
				517CA5142D4E480F00A6A199 /* Debug */,
				517CA5152D4E480F00A6A199 /* Release */,
			);
			defaultConfigurationIsVisible = 0;
			defaultConfigurationName = Release;
		};
		517CA5162D4E480F00A6A199 /* Build configuration list for PBXNativeTarget "SSMartEcom" */ = {
			isa = XCConfigurationList;
			buildConfigurations = (
				517CA5172D4E480F00A6A199 /* Debug */,
				517CA5182D4E480F00A6A199 /* Release */,
			);
			defaultConfigurationIsVisible = 0;
			defaultConfigurationName = Release;
		};
		517CA5192D4E480F00A6A199 /* Build configuration list for PBXNativeTarget "SSMartEcomTests" */ = {
			isa = XCConfigurationList;
			buildConfigurations = (
				517CA51A2D4E480F00A6A199 /* Debug */,
				517CA51B2D4E480F00A6A199 /* Release */,
			);
			defaultConfigurationIsVisible = 0;
			defaultConfigurationName = Release;
		};
		517CA51C2D4E480F00A6A199 /* Build configuration list for PBXNativeTarget "SSMartEcomUITests" */ = {
			isa = XCConfigurationList;
			buildConfigurations = (
				517CA51D2D4E480F00A6A199 /* Debug */,
				517CA51E2D4E480F00A6A199 /* Release */,
			);
			defaultConfigurationIsVisible = 0;
			defaultConfigurationName = Release;
		};
/* End XCConfigurationList section */

/* Begin XCRemoteSwiftPackageReference section */
		513081792D5104A200756969 /* XCRemoteSwiftPackageReference "Reachability" */ = {
			isa = XCRemoteSwiftPackageReference;
			repositoryURL = "https://github.com/alecrim/Reachability.git";
			requirement = {
				kind = upToNextMajorVersion;
				minimumVersion = 1.2.1;
			};
		};
		516856182D4F67AE00BA8C79 /* XCRemoteSwiftPackageReference "SDWebImageSwiftUI" */ = {
			isa = XCRemoteSwiftPackageReference;
			repositoryURL = "https://github.com/SDWebImage/SDWebImageSwiftUI.git";
			requirement = {
				kind = upToNextMajorVersion;
				minimumVersion = 3.1.3;
			};
		};
/* End XCRemoteSwiftPackageReference section */

/* Begin XCSwiftPackageProductDependency section */
		5130817A2D5104A200756969 /* Reachability */ = {
			isa = XCSwiftPackageProductDependency;
			package = 513081792D5104A200756969 /* XCRemoteSwiftPackageReference "Reachability" */;
			productName = Reachability;
		};
		516856192D4F67AE00BA8C79 /* SDWebImageSwiftUI */ = {
			isa = XCSwiftPackageProductDependency;
			package = 516856182D4F67AE00BA8C79 /* XCRemoteSwiftPackageReference "SDWebImageSwiftUI" */;
			productName = SDWebImageSwiftUI;
		};
/* End XCSwiftPackageProductDependency section */
	};
	rootObject = 517CA4E52D4E480D00A6A199 /* Project object */;
}
