{
  "originHash" : "0635735b9f09f8eda84bf424440da74d54db3fe825f879064dd61129e39cf095",
  "pins" : [
    {
      "identity" : "reachability",
      "kind" : "remoteSourceControl",
      "location" : "https://github.com/alecrim/Reachability.git",
      "state" : {
        "revision" : "33d2cf1dc5c5962683b6fc913ac652ebc4d6c8e1",
        "version" : "1.2.1"
      }
    },
    {
      "identity" : "sdwebimage",
      "kind" : "remoteSourceControl",
      "location" : "https://github.com/SDWebImage/SDWebImage.git",
      "state" : {
        "revision" : "10d06f6a33bafae8c164fbfd1f03391f6d4692b3",
        "version" : "5.20.0"
      }
    },
    {
      "identity" : "sdwebimageswiftui",
      "kind" : "remoteSourceControl",
      "location" : "https://github.com/SDWebImage/SDWebImageSwiftUI.git",
      "state" : {
        "revision" : "451c6dfd5ecec2cf626d1d9ca81c2d4a60355172",
        "version" : "3.1.3"
      }
    }
  ],
  "version" : 3
}
